
Microsoft Visual Studio Solution File, Format Version 12.00
# Visual Studio Version 16
VisualStudioVersion = 16.0.29609.76
MinimumVisualStudioVersion = 10.0.40219.1
Project("{FAE04EC0-301F-11D3-BF4B-00C04F79EFBC}") = "TextEnc", "TextEnc\TextEnc.csproj", "{20BDB4A4-E42A-44BF-A249-F3B5A8807E9F}"
EndProject
Global
	GlobalSection(SolutionConfigurationPlatforms) = preSolution
		Debug|Any CPU = Debug|Any CPU
		Release|Any CPU = Release|Any CPU
	EndGlobalSection
	GlobalSection(ProjectConfigurationPlatforms) = postSolution
		{20BDB4A4-E42A-44BF-A249-F3B5A8807E9F}.Debug|Any CPU.ActiveCfg = Debug|Any CPU
		{20BDB4A4-E42A-44BF-A249-F3B5A8807E9F}.Debug|Any CPU.Build.0 = Debug|Any CPU
		{20BDB4A4-E42A-44BF-A249-F3B5A8807E9F}.Release|Any CPU.ActiveCfg = Release|Any CPU
		{20BDB4A4-E42A-44BF-A249-F3B5A8807E9F}.Release|Any CPU.Build.0 = Release|Any CPU
	EndGlobalSection
	GlobalSection(SolutionProperties) = preSolution
		HideSolutionNode = FALSE
	EndGlobalSection
	GlobalSection(ExtensibilityGlobals) = postSolution
		SolutionGuid = {9C2707EC-8424-46D3-B5B0-4E5E3768A941}
	EndGlobalSection
EndGlobal
